<?xml version="1.0" encoding="utf-8"?>
<Project ToolsVersion="4.0" xmlns="http://schemas.microsoft.com/developer/msbuild/2003">
  <ItemGroup>
    <Filter Include="Source Files">
      <UniqueIdentifier>{4FC737F1-C7A5-4376-A066-2A32D752A2FF}</UniqueIdentifier>
      <Extensions>cpp;c;cc;cxx;c++;cppm;ixx;def;odl;idl;hpj;bat;asm;asmx</Extensions>
    </Filter>
    <Filter Include="Header Files">
      <UniqueIdentifier>{93995380-89BD-4b04-88EB-625FBE52EBFB}</UniqueIdentifier>
      <Extensions>h;hh;hpp;hxx;h++;hm;inl;inc;ipp;xsd</Extensions>
    </Filter>
    <Filter Include="Resource Files">
      <UniqueIdentifier>{67DA6AB6-F800-4c08-8B7A-83BB121AAD01}</UniqueIdentifier>
      <Extensions>rc;ico;cur;bmp;dlg;rc2;rct;bin;rgs;gif;jpg;jpeg;jpe;resx;tiff;tif;png;wav;mfcribbon-ms</Extensions>
    </Filter>
    <Filter Include="Header Files\Estructuras">
      <UniqueIdentifier>{d8a20cc9-732e-47dc-97de-0c2bd513a2cb}</UniqueIdentifier>
    </Filter>
    <Filter Include="Header Files\Entidades">
      <UniqueIdentifier>{27e5868e-8b32-4ea6-91be-2498c0436bc8}</UniqueIdentifier>
    </Filter>
    <Filter Include="Header Files\Utilidades">
      <UniqueIdentifier>{b48a3133-d72b-441b-b69d-b8825251b116}</UniqueIdentifier>
    </Filter>
  </ItemGroup>
  <ItemGroup>
    <ClCompile Include="SpotifyTB2.cpp">
      <Filter>Source Files</Filter>
    </ClCompile>
  </ItemGroup>
  <ItemGroup>
    <ClInclude Include="ArbolBinario.h">
      <Filter>Header Files\Estructuras</Filter>
    </ClInclude>
    <ClInclude Include="ListaSimple.h">
      <Filter>Header Files\Estructuras</Filter>
    </ClInclude>
    <ClInclude Include="NodoHash.h">
      <Filter>Header Files\Estructuras</Filter>
    </ClInclude>
    <ClInclude Include="NodoArbol.h">
      <Filter>Header Files\Estructuras</Filter>
    </ClInclude>
    <ClInclude Include="Nodo.h">
      <Filter>Header Files\Estructuras</Filter>
    </ClInclude>
    <ClInclude Include="TablaHash.h">
      <Filter>Header Files\Estructuras</Filter>
    </ClInclude>
    <ClInclude Include="Artista.h">
      <Filter>Header Files\Entidades</Filter>
    </ClInclude>
    <ClInclude Include="Cancion.h">
      <Filter>Header Files\Entidades</Filter>
    </ClInclude>
    <ClInclude Include="Genero.h">
      <Filter>Header Files\Entidades</Filter>
    </ClInclude>
    <ClInclude Include="Playlist.h">
      <Filter>Header Files\Entidades</Filter>
    </ClInclude>
    <ClInclude Include="Usuario.h">
      <Filter>Header Files\Entidades</Filter>
    </ClInclude>
    <ClInclude Include="Sistema.h">
      <Filter>Header Files\Utilidades</Filter>
    </ClInclude>
    <ClInclude Include="GestorArchivos.h">
      <Filter>Header Files\Utilidades</Filter>
    </ClInclude>
    <ClInclude Include="DesignUX.h">
      <Filter>Header Files\Utilidades</Filter>
    </ClInclude>
  </ItemGroup>
</Project>